
Microsoft Visual Studio Solution File, Format Version 12.00
# Visual Studio Version 16
VisualStudioVersion = 16.0.31911.196
MinimumVisualStudioVersion = 10.0.40219.1
Project("{FAE04EC0-301F-11D3-BF4B-00C04F79EFBC}") = "BOJ_11283", "BOJ_11283\BOJ_11283.csproj", "{A75D9C34-1B77-4EE3-A10B-2BB1BB04B681}"
EndProject
Global
	GlobalSection(SolutionConfigurationPlatforms) = preSolution
		Debug|Any CPU = Debug|Any CPU
		Release|Any CPU = Release|Any CPU
	EndGlobalSection
	GlobalSection(ProjectConfigurationPlatforms) = postSolution
		{A75D9C34-1B77-4EE3-A10B-2BB1BB04B681}.Debug|Any CPU.ActiveCfg = Debug|Any CPU
		{A75D9C34-1B77-4EE3-A10B-2BB1BB04B681}.Debug|Any CPU.Build.0 = Debug|Any CPU
		{A75D9C34-1B77-4EE3-A10B-2BB1BB04B681}.Release|Any CPU.ActiveCfg = Release|Any CPU
		{A75D9C34-1B77-4EE3-A10B-2BB1BB04B681}.Release|Any CPU.Build.0 = Release|Any CPU
	EndGlobalSection
	GlobalSection(SolutionProperties) = preSolution
		HideSolutionNode = FALSE
	EndGlobalSection
	GlobalSection(ExtensibilityGlobals) = postSolution
		SolutionGuid = {85F245E5-82B6-43FA-87B8-BC14BFDE62BF}
	EndGlobalSection
EndGlobal
